{
  "nodes": {
    "nixpkgs": {
      "locked": {
        "lastModified": 1726061609,
        "narHash": "sha256-FPlxG4U3JzYH7kzJRsR93cdOSYCckr9lu2r/1d8vuYo=",
        "owner": "NixOS",
        "repo": "nixpkgs",
        "rev": "4508801597ab6413ccf0080285c91ddc8d06ec47",
        "type": "github"
      },
      "original": {
        "owner": "NixOS",
        "repo": "nixpkgs",
        "type": "github"
      }
    },
    "root": {
      "inputs": {
        "nixpkgs": "nixpkgs"
      }
    }
  },
  "root": "root",
  "version": 7
}
